
Microsoft Visual Studio Solution File, Format Version 12.00
# Visual Studio Version 17
VisualStudioVersion = 17.0.32002.185
MinimumVisualStudioVersion = 10.0.40219.1
Project("{9A19103F-16F7-4668-BE54-9A1E7A4F7556}") = "Raflaaja.API", "Raflaaja.API\Raflaaja.API.csproj", "{3E41A74B-BD6E-4123-B423-E7508F4FF374}"
EndProject
Project("{54A90642-561A-4BB1-A94E-469ADEE60C69}") = "raflaaja.ui", "raflaaja.ui\raflaaja.ui.esproj", "{5FD7E0D4-8B73-40D5-B1EC-83E7A234173A}"
EndProject
Project("{9A19103F-16F7-4668-BE54-9A1E7A4F7556}") = "Raflaaja.DAL", "Raflaaja.DAL\Raflaaja.DAL.csproj", "{7F7973BE-5A6E-447A-A4A9-C72844F42DF3}"
EndProject
Project("{FAE04EC0-301F-11D3-BF4B-00C04F79EFBC}") = "Raflaaja.Tests", "Raflaaja.Tests\Raflaaja.Tests.csproj", "{D37F1EB7-9B5B-4EF8-9312-EA82DCE4B311}"
EndProject
Global
	GlobalSection(SolutionConfigurationPlatforms) = preSolution
		Debug|Any CPU = Debug|Any CPU
		Release|Any CPU = Release|Any CPU
	EndGlobalSection
	GlobalSection(ProjectConfigurationPlatforms) = postSolution
		{3E41A74B-BD6E-4123-B423-E7508F4FF374}.Debug|Any CPU.ActiveCfg = Debug|Any CPU
		{3E41A74B-BD6E-4123-B423-E7508F4FF374}.Debug|Any CPU.Build.0 = Debug|Any CPU
		{3E41A74B-BD6E-4123-B423-E7508F4FF374}.Release|Any CPU.ActiveCfg = Release|Any CPU
		{3E41A74B-BD6E-4123-B423-E7508F4FF374}.Release|Any CPU.Build.0 = Release|Any CPU
		{5FD7E0D4-8B73-40D5-B1EC-83E7A234173A}.Debug|Any CPU.ActiveCfg = Debug|Any CPU
		{5FD7E0D4-8B73-40D5-B1EC-83E7A234173A}.Debug|Any CPU.Build.0 = Debug|Any CPU
		{5FD7E0D4-8B73-40D5-B1EC-83E7A234173A}.Debug|Any CPU.Deploy.0 = Debug|Any CPU
		{5FD7E0D4-8B73-40D5-B1EC-83E7A234173A}.Release|Any CPU.ActiveCfg = Release|Any CPU
		{5FD7E0D4-8B73-40D5-B1EC-83E7A234173A}.Release|Any CPU.Build.0 = Release|Any CPU
		{5FD7E0D4-8B73-40D5-B1EC-83E7A234173A}.Release|Any CPU.Deploy.0 = Release|Any CPU
		{7F7973BE-5A6E-447A-A4A9-C72844F42DF3}.Debug|Any CPU.ActiveCfg = Debug|Any CPU
		{7F7973BE-5A6E-447A-A4A9-C72844F42DF3}.Debug|Any CPU.Build.0 = Debug|Any CPU
		{7F7973BE-5A6E-447A-A4A9-C72844F42DF3}.Release|Any CPU.ActiveCfg = Release|Any CPU
		{7F7973BE-5A6E-447A-A4A9-C72844F42DF3}.Release|Any CPU.Build.0 = Release|Any CPU
		{D37F1EB7-9B5B-4EF8-9312-EA82DCE4B311}.Debug|Any CPU.ActiveCfg = Debug|Any CPU
		{D37F1EB7-9B5B-4EF8-9312-EA82DCE4B311}.Debug|Any CPU.Build.0 = Debug|Any CPU
		{D37F1EB7-9B5B-4EF8-9312-EA82DCE4B311}.Release|Any CPU.ActiveCfg = Release|Any CPU
		{D37F1EB7-9B5B-4EF8-9312-EA82DCE4B311}.Release|Any CPU.Build.0 = Release|Any CPU
	EndGlobalSection
	GlobalSection(SolutionProperties) = preSolution
		HideSolutionNode = FALSE
	EndGlobalSection
	GlobalSection(ExtensibilityGlobals) = postSolution
		SolutionGuid = {84EBD275-D45B-4CEF-966B-88F9E9391A20}
	EndGlobalSection
EndGlobal
